
Microsoft Visual Studio Solution File, Format Version 12.00
# Visual Studio Version 18
VisualStudioVersion = 18.1.11304.174
MinimumVisualStudioVersion = 10.0.40219.1
Project("{FAE04EC0-301F-11D3-BF4B-00C04F79EFBC}") = "DiscordDetective", "DiscordDetective.csproj", "{CA4CC4F0-BF2B-4FF7-AEA6-C35D8E66ABE4}"
EndProject
Project("{FAE04EC0-301F-11D3-BF4B-00C04F79EFBC}") = "Px6Api", "..\Px6Api\Px6Api.csproj", "{6531F9A8-2E38-430F-92E6-D9913F034DD0}"
EndProject
Project("{FAE04EC0-301F-11D3-BF4B-00C04F79EFBC}") = "DiscordApi", "..\DiscordApi\DiscordApi.csproj", "{758CB343-DC19-43EA-B9B4-ACFC10770AB1}"
EndProject
Global
	GlobalSection(SolutionConfigurationPlatforms) = preSolution
		Debug|Any CPU = Debug|Any CPU
		Release|Any CPU = Release|Any CPU
	EndGlobalSection
	GlobalSection(ProjectConfigurationPlatforms) = postSolution
		{CA4CC4F0-BF2B-4FF7-AEA6-C35D8E66ABE4}.Debug|Any CPU.ActiveCfg = Debug|Any CPU
		{CA4CC4F0-BF2B-4FF7-AEA6-C35D8E66ABE4}.Debug|Any CPU.Build.0 = Debug|Any CPU
		{CA4CC4F0-BF2B-4FF7-AEA6-C35D8E66ABE4}.Release|Any CPU.ActiveCfg = Release|Any CPU
		{CA4CC4F0-BF2B-4FF7-AEA6-C35D8E66ABE4}.Release|Any CPU.Build.0 = Release|Any CPU
		{6531F9A8-2E38-430F-92E6-D9913F034DD0}.Debug|Any CPU.ActiveCfg = Debug|Any CPU
		{6531F9A8-2E38-430F-92E6-D9913F034DD0}.Debug|Any CPU.Build.0 = Debug|Any CPU
		{6531F9A8-2E38-430F-92E6-D9913F034DD0}.Release|Any CPU.ActiveCfg = Release|Any CPU
		{6531F9A8-2E38-430F-92E6-D9913F034DD0}.Release|Any CPU.Build.0 = Release|Any CPU
		{758CB343-DC19-43EA-B9B4-ACFC10770AB1}.Debug|Any CPU.ActiveCfg = Debug|Any CPU
		{758CB343-DC19-43EA-B9B4-ACFC10770AB1}.Debug|Any CPU.Build.0 = Debug|Any CPU
		{758CB343-DC19-43EA-B9B4-ACFC10770AB1}.Release|Any CPU.ActiveCfg = Release|Any CPU
		{758CB343-DC19-43EA-B9B4-ACFC10770AB1}.Release|Any CPU.Build.0 = Release|Any CPU
	EndGlobalSection
	GlobalSection(SolutionProperties) = preSolution
		HideSolutionNode = FALSE
	EndGlobalSection
	GlobalSection(ExtensibilityGlobals) = postSolution
		SolutionGuid = {28893B6D-EFF8-4199-9951-4B4D4DB27651}
	EndGlobalSection
EndGlobal
